// !$*UTF8*$!
{
	archiveVersion = 1;
	classes = {
	};
	objectVersion = 50;
	objects = {

/* Begin PBXBuildFile section */
		A2452497255B8F390052962E /* WelcomeView.swift in Sources */ = {isa = PBXBuildFile; fileRef = A2452496255B8F390052962E /* WelcomeView.swift */; };
		A245249B255B8F600052962E /* WelcomeCard.swift in Sources */ = {isa = PBXBuildFile; fileRef = A245249A255B8F600052962E /* WelcomeCard.swift */; };
		A245249E255B8FDD0052962E /* WelcomeCardView.swift in Sources */ = {isa = PBXBuildFile; fileRef = A245249D255B8FDD0052962E /* WelcomeCardView.swift */; };
		A24524A1255B902A0052962E /* UIScreen+Extensions.swift in Sources */ = {isa = PBXBuildFile; fileRef = A24524A0255B902A0052962E /* UIScreen+Extensions.swift */; };
		A24524A4255B90D00052962E /* CarouselView.swift in Sources */ = {isa = PBXBuildFile; fileRef = A24524A3255B90D00052962E /* CarouselView.swift */; };
		A24524A8255B96290052962E /* String+Extensions.swift in Sources */ = {isa = PBXBuildFile; fileRef = A24524A7255B96290052962E /* String+Extensions.swift */; };
		A2726197254C986800EE2478 /* Colors.xcassets in Resources */ = {isa = PBXBuildFile; fileRef = A2726196254C986800EE2478 /* Colors.xcassets */; };
		A272619C254C99E500EE2478 /* Color+Extensions.swift in Sources */ = {isa = PBXBuildFile; fileRef = A272619B254C99E500EE2478 /* Color+Extensions.swift */; };
		A272619F254CC83E00EE2478 /* Images.xcassets in Resources */ = {isa = PBXBuildFile; fileRef = A272619E254CC83E00EE2478 /* Images.xcassets */; };
		A2FB53CA254C85BE00D1E7C6 /* iMemoryDoApp.swift in Sources */ = {isa = PBXBuildFile; fileRef = A2FB53C9254C85BE00D1E7C6 /* iMemoryDoApp.swift */; };
		A2FB53CE254C85C600D1E7C6 /* Assets.xcassets in Resources */ = {isa = PBXBuildFile; fileRef = A2FB53CD254C85C600D1E7C6 /* Assets.xcassets */; };
		A2FB53D1254C85C600D1E7C6 /* Preview Assets.xcassets in Resources */ = {isa = PBXBuildFile; fileRef = A2FB53D0254C85C600D1E7C6 /* Preview Assets.xcassets */; };
		A2FB53DC254C86D200D1E7C6 /* Localizable.strings in Resources */ = {isa = PBXBuildFile; fileRef = A2FB53DE254C86D200D1E7C6 /* Localizable.strings */; };
/* End PBXBuildFile section */

/* Begin PBXFileReference section */
		A2452496255B8F390052962E /* WelcomeView.swift */ = {isa = PBXFileReference; lastKnownFileType = sourcecode.swift; path = WelcomeView.swift; sourceTree = "<group>"; };
		A245249A255B8F600052962E /* WelcomeCard.swift */ = {isa = PBXFileReference; lastKnownFileType = sourcecode.swift; path = WelcomeCard.swift; sourceTree = "<group>"; };
		A245249D255B8FDD0052962E /* WelcomeCardView.swift */ = {isa = PBXFileReference; lastKnownFileType = sourcecode.swift; path = WelcomeCardView.swift; sourceTree = "<group>"; };
		A24524A0255B902A0052962E /* UIScreen+Extensions.swift */ = {isa = PBXFileReference; lastKnownFileType = sourcecode.swift; path = "UIScreen+Extensions.swift"; sourceTree = "<group>"; };
		A24524A3255B90D00052962E /* CarouselView.swift */ = {isa = PBXFileReference; lastKnownFileType = sourcecode.swift; path = CarouselView.swift; sourceTree = "<group>"; };
		A24524A7255B96290052962E /* String+Extensions.swift */ = {isa = PBXFileReference; lastKnownFileType = sourcecode.swift; path = "String+Extensions.swift"; sourceTree = "<group>"; };
		A2726196254C986800EE2478 /* Colors.xcassets */ = {isa = PBXFileReference; lastKnownFileType = folder.assetcatalog; path = Colors.xcassets; sourceTree = "<group>"; };
		A272619B254C99E500EE2478 /* Color+Extensions.swift */ = {isa = PBXFileReference; lastKnownFileType = sourcecode.swift; path = "Color+Extensions.swift"; sourceTree = "<group>"; };
		A272619E254CC83E00EE2478 /* Images.xcassets */ = {isa = PBXFileReference; lastKnownFileType = folder.assetcatalog; path = Images.xcassets; sourceTree = "<group>"; };
		A2FB53C6254C85BE00D1E7C6 /* iMemoryDo.app */ = {isa = PBXFileReference; explicitFileType = wrapper.application; includeInIndex = 0; path = iMemoryDo.app; sourceTree = BUILT_PRODUCTS_DIR; };
		A2FB53C9254C85BE00D1E7C6 /* iMemoryDoApp.swift */ = {isa = PBXFileReference; lastKnownFileType = sourcecode.swift; path = iMemoryDoApp.swift; sourceTree = "<group>"; };
		A2FB53CD254C85C600D1E7C6 /* Assets.xcassets */ = {isa = PBXFileReference; lastKnownFileType = folder.assetcatalog; path = Assets.xcassets; sourceTree = "<group>"; };
		A2FB53D0254C85C600D1E7C6 /* Preview Assets.xcassets */ = {isa = PBXFileReference; lastKnownFileType = folder.assetcatalog; path = "Preview Assets.xcassets"; sourceTree = "<group>"; };
		A2FB53D2254C85C600D1E7C6 /* Info.plist */ = {isa = PBXFileReference; lastKnownFileType = text.plist.xml; path = Info.plist; sourceTree = "<group>"; };
		A2FB53DD254C86D200D1E7C6 /* en */ = {isa = PBXFileReference; lastKnownFileType = text.plist.strings; name = en; path = en.lproj/Localizable.strings; sourceTree = "<group>"; };
		A2FB53DF254C86D700D1E7C6 /* es-419 */ = {isa = PBXFileReference; lastKnownFileType = text.plist.strings; name = "es-419"; path = "es-419.lproj/Localizable.strings"; sourceTree = "<group>"; };
/* End PBXFileReference section */

/* Begin PBXFrameworksBuildPhase section */
		A2FB53C3254C85BE00D1E7C6 /* Frameworks */ = {
			isa = PBXFrameworksBuildPhase;
			buildActionMask = 2147483647;
			files = (
			);
			runOnlyForDeploymentPostprocessing = 0;
		};
/* End PBXFrameworksBuildPhase section */

/* Begin PBXGroup section */
		A2452495255B8F1E0052962E /* Welcome */ = {
			isa = PBXGroup;
			children = (
				A2452496255B8F390052962E /* WelcomeView.swift */,
				A245249D255B8FDD0052962E /* WelcomeCardView.swift */,
				A24524A3255B90D00052962E /* CarouselView.swift */,
			);
			path = Welcome;
			sourceTree = "<group>";
		};
		A2726192254C97A900EE2478 /* Model */ = {
			isa = PBXGroup;
			children = (
				A245249A255B8F600052962E /* WelcomeCard.swift */,
			);
			path = Model;
			sourceTree = "<group>";
		};
		A2726193254C97B100EE2478 /* ViewModel */ = {
			isa = PBXGroup;
			children = (
			);
			path = ViewModel;
			sourceTree = "<group>";
		};
		A2726194254C97CC00EE2478 /* Default */ = {
			isa = PBXGroup;
			children = (
				A2FB53C9254C85BE00D1E7C6 /* iMemoryDoApp.swift */,
				A2FB53CD254C85C600D1E7C6 /* Assets.xcassets */,
				A2FB53D2254C85C600D1E7C6 /* Info.plist */,
				A2FB53CF254C85C600D1E7C6 /* Preview Content */,
				A2FB53DE254C86D200D1E7C6 /* Localizable.strings */,
				A2726196254C986800EE2478 /* Colors.xcassets */,
				A272619E254CC83E00EE2478 /* Images.xcassets */,
			);
			name = Default;
			sourceTree = "<group>";
		};
		A2726199254C99C800EE2478 /* Global */ = {
			isa = PBXGroup;
			children = (
				A272619A254C99D300EE2478 /* Extensions */,
			);
			path = Global;
			sourceTree = "<group>";
		};
		A272619A254C99D300EE2478 /* Extensions */ = {
			isa = PBXGroup;
			children = (
				A272619B254C99E500EE2478 /* Color+Extensions.swift */,
				A24524A0255B902A0052962E /* UIScreen+Extensions.swift */,
				A24524A7255B96290052962E /* String+Extensions.swift */,
			);
			path = Extensions;
			sourceTree = "<group>";
		};
		A2FB53BD254C85BE00D1E7C6 = {
			isa = PBXGroup;
			children = (
				A2FB53C8254C85BE00D1E7C6 /* iMemoryDo */,
				A2FB53C7254C85BE00D1E7C6 /* Products */,
			);
			sourceTree = "<group>";
		};
		A2FB53C7254C85BE00D1E7C6 /* Products */ = {
			isa = PBXGroup;
			children = (
				A2FB53C6254C85BE00D1E7C6 /* iMemoryDo.app */,
			);
			name = Products;
			sourceTree = "<group>";
		};
		A2FB53C8254C85BE00D1E7C6 /* iMemoryDo */ = {
			isa = PBXGroup;
			children = (
				A2726199254C99C800EE2478 /* Global */,
				A2726192254C97A900EE2478 /* Model */,
				A2FB53E0254C8E7700D1E7C6 /* View */,
				A2726193254C97B100EE2478 /* ViewModel */,
				A2726194254C97CC00EE2478 /* Default */,
			);
			path = iMemoryDo;
			sourceTree = "<group>";
		};
		A2FB53CF254C85C600D1E7C6 /* Preview Content */ = {
			isa = PBXGroup;
			children = (
				A2FB53D0254C85C600D1E7C6 /* Preview Assets.xcassets */,
			);
			path = "Preview Content";
			sourceTree = "<group>";
		};
		A2FB53E0254C8E7700D1E7C6 /* View */ = {
			isa = PBXGroup;
			children = (
				A2452495255B8F1E0052962E /* Welcome */,
			);
			path = View;
			sourceTree = "<group>";
		};
/* End PBXGroup section */

/* Begin PBXNativeTarget section */
		A2FB53C5254C85BE00D1E7C6 /* iMemoryDo */ = {
			isa = PBXNativeTarget;
			buildConfigurationList = A2FB53D5254C85C600D1E7C6 /* Build configuration list for PBXNativeTarget "iMemoryDo" */;
			buildPhases = (
				A2FB53C2254C85BE00D1E7C6 /* Sources */,
				A2FB53C3254C85BE00D1E7C6 /* Frameworks */,
				A2FB53C4254C85BE00D1E7C6 /* Resources */,
			);
			buildRules = (
			);
			dependencies = (
			);
			name = iMemoryDo;
			productName = iMemoryDo;
			productReference = A2FB53C6254C85BE00D1E7C6 /* iMemoryDo.app */;
			productType = "com.apple.product-type.application";
		};
/* End PBXNativeTarget section */

/* Begin PBXProject section */
		A2FB53BE254C85BE00D1E7C6 /* Project object */ = {
			isa = PBXProject;
			attributes = {
				LastSwiftUpdateCheck = 1210;
				LastUpgradeCheck = 1210;
				TargetAttributes = {
					A2FB53C5254C85BE00D1E7C6 = {
						CreatedOnToolsVersion = 12.1;
					};
				};
			};
			buildConfigurationList = A2FB53C1254C85BE00D1E7C6 /* Build configuration list for PBXProject "iMemoryDo" */;
			compatibilityVersion = "Xcode 9.3";
			developmentRegion = en;
			hasScannedForEncodings = 0;
			knownRegions = (
				en,
				Base,
				"es-419",
			);
			mainGroup = A2FB53BD254C85BE00D1E7C6;
			productRefGroup = A2FB53C7254C85BE00D1E7C6 /* Products */;
			projectDirPath = "";
			projectRoot = "";
			targets = (
				A2FB53C5254C85BE00D1E7C6 /* iMemoryDo */,
			);
		};
/* End PBXProject section */

/* Begin PBXResourcesBuildPhase section */
		A2FB53C4254C85BE00D1E7C6 /* Resources */ = {
			isa = PBXResourcesBuildPhase;
			buildActionMask = 2147483647;
			files = (
				A2FB53D1254C85C600D1E7C6 /* Preview Assets.xcassets in Resources */,
				A272619F254CC83E00EE2478 /* Images.xcassets in Resources */,
				A2726197254C986800EE2478 /* Colors.xcassets in Resources */,
				A2FB53DC254C86D200D1E7C6 /* Localizable.strings in Resources */,
				A2FB53CE254C85C600D1E7C6 /* Assets.xcassets in Resources */,
			);
			runOnlyForDeploymentPostprocessing = 0;
		};
/* End PBXResourcesBuildPhase section */

/* Begin PBXSourcesBuildPhase section */
		A2FB53C2254C85BE00D1E7C6 /* Sources */ = {
			isa = PBXSourcesBuildPhase;
			buildActionMask = 2147483647;
			files = (
				A2FB53CA254C85BE00D1E7C6 /* iMemoryDoApp.swift in Sources */,
				A272619C254C99E500EE2478 /* Color+Extensions.swift in Sources */,
				A24524A1255B902A0052962E /* UIScreen+Extensions.swift in Sources */,
				A245249B255B8F600052962E /* WelcomeCard.swift in Sources */,
				A24524A8255B96290052962E /* String+Extensions.swift in Sources */,
				A2452497255B8F390052962E /* WelcomeView.swift in Sources */,
				A24524A4255B90D00052962E /* CarouselView.swift in Sources */,
				A245249E255B8FDD0052962E /* WelcomeCardView.swift in Sources */,
			);
			runOnlyForDeploymentPostprocessing = 0;
		};
/* End PBXSourcesBuildPhase section */

/* Begin PBXVariantGroup section */
		A2FB53DE254C86D200D1E7C6 /* Localizable.strings */ = {
			isa = PBXVariantGroup;
			children = (
				A2FB53DD254C86D200D1E7C6 /* en */,
				A2FB53DF254C86D700D1E7C6 /* es-419 */,
			);
			name = Localizable.strings;
			sourceTree = "<group>";
		};
/* End PBXVariantGroup section */

/* Begin XCBuildConfiguration section */
		A2FB53D3254C85C600D1E7C6 /* Debug */ = {
			isa = XCBuildConfiguration;
			buildSettings = {
				ALWAYS_SEARCH_USER_PATHS = NO;
				CLANG_ANALYZER_NONNULL = YES;
				CLANG_ANALYZER_NUMBER_OBJECT_CONVERSION = YES_AGGRESSIVE;
				CLANG_CXX_LANGUAGE_STANDARD = "gnu++14";
				CLANG_CXX_LIBRARY = "libc++";
				CLANG_ENABLE_MODULES = YES;
				CLANG_ENABLE_OBJC_ARC = YES;
				CLANG_ENABLE_OBJC_WEAK = YES;
				CLANG_WARN_BLOCK_CAPTURE_AUTORELEASING = YES;
				CLANG_WARN_BOOL_CONVERSION = YES;
				CLANG_WARN_COMMA = YES;
				CLANG_WARN_CONSTANT_CONVERSION = YES;
				CLANG_WARN_DEPRECATED_OBJC_IMPLEMENTATIONS = YES;
				CLANG_WARN_DIRECT_OBJC_ISA_USAGE = YES_ERROR;
				CLANG_WARN_DOCUMENTATION_COMMENTS = YES;
				CLANG_WARN_EMPTY_BODY = YES;
				CLANG_WARN_ENUM_CONVERSION = YES;
				CLANG_WARN_INFINITE_RECURSION = YES;
				CLANG_WARN_INT_CONVERSION = YES;
				CLANG_WARN_NON_LITERAL_NULL_CONVERSION = YES;
				CLANG_WARN_OBJC_IMPLICIT_RETAIN_SELF = YES;
				CLANG_WARN_OBJC_LITERAL_CONVERSION = YES;
				CLANG_WARN_OBJC_ROOT_CLASS = YES_ERROR;
				CLANG_WARN_QUOTED_INCLUDE_IN_FRAMEWORK_HEADER = YES;
				CLANG_WARN_RANGE_LOOP_ANALYSIS = YES;
				CLANG_WARN_STRICT_PROTOTYPES = YES;
				CLANG_WARN_SUSPICIOUS_MOVE = YES;
				CLANG_WARN_UNGUARDED_AVAILABILITY = YES_AGGRESSIVE;
				CLANG_WARN_UNREACHABLE_CODE = YES;
				CLANG_WARN__DUPLICATE_METHOD_MATCH = YES;
				COPY_PHASE_STRIP = NO;
				DEBUG_INFORMATION_FORMAT = dwarf;
				ENABLE_STRICT_OBJC_MSGSEND = YES;
				ENABLE_TESTABILITY = YES;
				GCC_C_LANGUAGE_STANDARD = gnu11;
				GCC_DYNAMIC_NO_PIC = NO;
				GCC_NO_COMMON_BLOCKS = YES;
				GCC_OPTIMIZATION_LEVEL = 0;
				GCC_PREPROCESSOR_DEFINITIONS = (
					"DEBUG=1",
					"$(inherited)",
				);
				GCC_WARN_64_TO_32_BIT_CONVERSION = YES;
				GCC_WARN_ABOUT_RETURN_TYPE = YES_ERROR;
				GCC_WARN_UNDECLARED_SELECTOR = YES;
				GCC_WARN_UNINITIALIZED_AUTOS = YES_AGGRESSIVE;
				GCC_WARN_UNUSED_FUNCTION = YES;
				GCC_WARN_UNUSED_VARIABLE = YES;
				IPHONEOS_DEPLOYMENT_TARGET = 14.1;
				MTL_ENABLE_DEBUG_INFO = INCLUDE_SOURCE;
				MTL_FAST_MATH = YES;
				ONLY_ACTIVE_ARCH = YES;
				SDKROOT = iphoneos;
				SWIFT_ACTIVE_COMPILATION_CONDITIONS = DEBUG;
				SWIFT_OPTIMIZATION_LEVEL = "-Onone";
			};
			name = Debug;
		};
		A2FB53D4254C85C600D1E7C6 /* Release */ = {
			isa = XCBuildConfiguration;
			buildSettings = {
				ALWAYS_SEARCH_USER_PATHS = NO;
				CLANG_ANALYZER_NONNULL = YES;
				CLANG_ANALYZER_NUMBER_OBJECT_CONVERSION = YES_AGGRESSIVE;
				CLANG_CXX_LANGUAGE_STANDARD = "gnu++14";
				CLANG_CXX_LIBRARY = "libc++";
				CLANG_ENABLE_MODULES = YES;
				CLANG_ENABLE_OBJC_ARC = YES;
				CLANG_ENABLE_OBJC_WEAK = YES;
				CLANG_WARN_BLOCK_CAPTURE_AUTORELEASING = YES;
				CLANG_WARN_BOOL_CONVERSION = YES;
				CLANG_WARN_COMMA = YES;
				CLANG_WARN_CONSTANT_CONVERSION = YES;
				CLANG_WARN_DEPRECATED_OBJC_IMPLEMENTATIONS = YES;
				CLANG_WARN_DIRECT_OBJC_ISA_USAGE = YES_ERROR;
				CLANG_WARN_DOCUMENTATION_COMMENTS = YES;
				CLANG_WARN_EMPTY_BODY = YES;
				CLANG_WARN_ENUM_CONVERSION = YES;
				CLANG_WARN_INFINITE_RECURSION = YES;
				CLANG_WARN_INT_CONVERSION = YES;
				CLANG_WARN_NON_LITERAL_NULL_CONVERSION = YES;
				CLANG_WARN_OBJC_IMPLICIT_RETAIN_SELF = YES;
				CLANG_WARN_OBJC_LITERAL_CONVERSION = YES;
				CLANG_WARN_OBJC_ROOT_CLASS = YES_ERROR;
				CLANG_WARN_QUOTED_INCLUDE_IN_FRAMEWORK_HEADER = YES;
				CLANG_WARN_RANGE_LOOP_ANALYSIS = YES;
				CLANG_WARN_STRICT_PROTOTYPES = YES;
				CLANG_WARN_SUSPICIOUS_MOVE = YES;
				CLANG_WARN_UNGUARDED_AVAILABILITY = YES_AGGRESSIVE;
				CLANG_WARN_UNREACHABLE_CODE = YES;
				CLANG_WARN__DUPLICATE_METHOD_MATCH = YES;
				COPY_PHASE_STRIP = NO;
				DEBUG_INFORMATION_FORMAT = "dwarf-with-dsym";
				ENABLE_NS_ASSERTIONS = NO;
				ENABLE_STRICT_OBJC_MSGSEND = YES;
				GCC_C_LANGUAGE_STANDARD = gnu11;
				GCC_NO_COMMON_BLOCKS = YES;
				GCC_WARN_64_TO_32_BIT_CONVERSION = YES;
				GCC_WARN_ABOUT_RETURN_TYPE = YES_ERROR;
				GCC_WARN_UNDECLARED_SELECTOR = YES;
				GCC_WARN_UNINITIALIZED_AUTOS = YES_AGGRESSIVE;
				GCC_WARN_UNUSED_FUNCTION = YES;
				GCC_WARN_UNUSED_VARIABLE = YES;
				IPHONEOS_DEPLOYMENT_TARGET = 14.1;
				MTL_ENABLE_DEBUG_INFO = NO;
				MTL_FAST_MATH = YES;
				SDKROOT = iphoneos;
				SWIFT_COMPILATION_MODE = wholemodule;
				SWIFT_OPTIMIZATION_LEVEL = "-O";
				VALIDATE_PRODUCT = YES;
			};
			name = Release;
		};
		A2FB53D6254C85C600D1E7C6 /* Debug */ = {
			isa = XCBuildConfiguration;
			buildSettings = {
				ASSETCATALOG_COMPILER_APPICON_NAME = AppIcon;
				ASSETCATALOG_COMPILER_GLOBAL_ACCENT_COLOR_NAME = AccentColor;
				CODE_SIGN_STYLE = Automatic;
				DEVELOPMENT_ASSET_PATHS = "\"iMemoryDo/Preview Content\"";
				DEVELOPMENT_TEAM = 73V22638MH;
				ENABLE_PREVIEWS = YES;
				INFOPLIST_FILE = iMemoryDo/Info.plist;
				IPHONEOS_DEPLOYMENT_TARGET = 14.0;
				LD_RUNPATH_SEARCH_PATHS = (
					"$(inherited)",
					"@executable_path/Frameworks",
				);
				PRODUCT_BUNDLE_IDENTIFIER = com.todosVuelan.iMemoryDo;
				PRODUCT_NAME = "$(TARGET_NAME)";
				SWIFT_VERSION = 5.0;
				TARGETED_DEVICE_FAMILY = "1,2";
			};
			name = Debug;
		};
		A2FB53D7254C85C600D1E7C6 /* Release */ = {
			isa = XCBuildConfiguration;
			buildSettings = {
				ASSETCATALOG_COMPILER_APPICON_NAME = AppIcon;
				ASSETCATALOG_COMPILER_GLOBAL_ACCENT_COLOR_NAME = AccentColor;
				CODE_SIGN_STYLE = Automatic;
				DEVELOPMENT_ASSET_PATHS = "\"iMemoryDo/Preview Content\"";
				DEVELOPMENT_TEAM = 73V22638MH;
				ENABLE_PREVIEWS = YES;
				INFOPLIST_FILE = iMemoryDo/Info.plist;
				IPHONEOS_DEPLOYMENT_TARGET = 14.0;
				LD_RUNPATH_SEARCH_PATHS = (
					"$(inherited)",
					"@executable_path/Frameworks",
				);
				PRODUCT_BUNDLE_IDENTIFIER = com.todosVuelan.iMemoryDo;
				PRODUCT_NAME = "$(TARGET_NAME)";
				SWIFT_VERSION = 5.0;
				TARGETED_DEVICE_FAMILY = "1,2";
			};
			name = Release;
		};
/* End XCBuildConfiguration section */

/* Begin XCConfigurationList section */
		A2FB53C1254C85BE00D1E7C6 /* Build configuration list for PBXProject "iMemoryDo" */ = {
			isa = XCConfigurationList;
			buildConfigurations = (
				A2FB53D3254C85C600D1E7C6 /* Debug */,
				A2FB53D4254C85C600D1E7C6 /* Release */,
			);
			defaultConfigurationIsVisible = 0;
			defaultConfigurationName = Release;
		};
		A2FB53D5254C85C600D1E7C6 /* Build configuration list for PBXNativeTarget "iMemoryDo" */ = {
			isa = XCConfigurationList;
			buildConfigurations = (
				A2FB53D6254C85C600D1E7C6 /* Debug */,
				A2FB53D7254C85C600D1E7C6 /* Release */,
			);
			defaultConfigurationIsVisible = 0;
			defaultConfigurationName = Release;
		};
/* End XCConfigurationList section */
	};
	rootObject = A2FB53BE254C85BE00D1E7C6 /* Project object */;
}
